dependencies:
- name: external-dns
  repository: https://kubernetes-sigs.github.io/external-dns/
  version: 1.18.0
- name: external-dns
  repository: https://kubernetes-sigs.github.io/external-dns/
  version: 1.18.0
digest: sha256:e0e58ce9c7866929bedc381f64995426d16d938d0541d43190da2ec1c52a2231
generated: "2025-09-07T09:47:52.127387774-04:00"
