dependencies:
- name: external-dns
  repository: https://kubernetes-sigs.github.io/external-dns/
  version: 1.20.0
- name: external-dns
  repository: https://kubernetes-sigs.github.io/external-dns/
  version: 1.20.0
digest: sha256:2694459602840ef303ef9e9a61677568e9e10263744fea4756ea2b44f775d9c6
generated: "2026-01-03T10:19:33.951177303Z"
